{
  "name": "gitpod-rest",
  "version": "1.0.0",
  "lockfileVersion": 1,
  "requires": true,
  "dependencies": {
    "jsrsasign": {
      "version": "10.0.4",
      "resolved": "https://registry.npmjs.org/jsrsasign/-/jsrsasign-10.0.4.tgz",
      "integrity": "sha512-G08GDeAwgVkN5PGE9TnJ/4ixV3zkq560RigOoqrRvVc8H4GjfPVTz54/qGPLHK1KGHGP36/2eaLU1HuXmOJgug=="
    },
    "typescript": {
      "version": "4.0.5",
      "resolved": "https://registry.npmjs.org/typescript/-/typescript-4.0.5.tgz",
      "integrity": "sha512-ywmr/VrTVCmNTJ6iV2LwIrfG1P+lv6luD8sUJs+2eI9NLGigaN+nUQc13iHqisq7bra9lnmUSYqbJvegraBOPQ==",
      "dev": true
    }
  }
}
